
Microsoft Visual Studio Solution File, Format Version 12.00
# Visual Studio Version 16
VisualStudioVersion = 16.0.30225.117
MinimumVisualStudioVersion = 10.0.40219.1
Project("{FAE04EC0-301F-11D3-BF4B-00C04F79EFBC}") = "DietaNoDietaApi", "DietaNoDietaApi.csproj", "{0A019561-4FC7-4157-A53E-CE48CC894B5A}"
EndProject
Global
	GlobalSection(SolutionConfigurationPlatforms) = preSolution
		Debug|Any CPU = Debug|Any CPU
		Release|Any CPU = Release|Any CPU
	EndGlobalSection
	GlobalSection(ProjectConfigurationPlatforms) = postSolution
		{0A019561-4FC7-4157-A53E-CE48CC894B5A}.Debug|Any CPU.ActiveCfg = Debug|Any CPU
		{0A019561-4FC7-4157-A53E-CE48CC894B5A}.Debug|Any CPU.Build.0 = Debug|Any CPU
		{0A019561-4FC7-4157-A53E-CE48CC894B5A}.Release|Any CPU.ActiveCfg = Release|Any CPU
		{0A019561-4FC7-4157-A53E-CE48CC894B5A}.Release|Any CPU.Build.0 = Release|Any CPU
	EndGlobalSection
	GlobalSection(SolutionProperties) = preSolution
		HideSolutionNode = FALSE
	EndGlobalSection
	GlobalSection(ExtensibilityGlobals) = postSolution
		SolutionGuid = {D4916E72-3354-43CE-B046-8FAEF00FAE98}
	EndGlobalSection
EndGlobal
